
Microsoft Visual Studio Solution File, Format Version 12.00
# Visual Studio Version 17
VisualStudioVersion = 17.14.36511.14 d17.14
MinimumVisualStudioVersion = 10.0.40219.1
Project("{FAE04EC0-301F-11D3-BF4B-00C04F79EFBC}") = "DroneController", "DroneController.csproj", "{D27AFA99-0DFF-427B-8707-0C0C2D63E76A}"
EndProject
Project("{FAE04EC0-301F-11D3-BF4B-00C04F79EFBC}") = "DroneConnect", "..\DroneConnect\DroneConnect.csproj", "{B2D14569-B2C1-4AE7-8F9C-FB67B3C3E807}"
EndProject
Global
	GlobalSection(SolutionConfigurationPlatforms) = preSolution
		Debug|Any CPU = Debug|Any CPU
		Release|Any CPU = Release|Any CPU
	EndGlobalSection
	GlobalSection(ProjectConfigurationPlatforms) = postSolution
		{D27AFA99-0DFF-427B-8707-0C0C2D63E76A}.Debug|Any CPU.ActiveCfg = Debug|Any CPU
		{D27AFA99-0DFF-427B-8707-0C0C2D63E76A}.Debug|Any CPU.Build.0 = Debug|Any CPU
		{D27AFA99-0DFF-427B-8707-0C0C2D63E76A}.Release|Any CPU.ActiveCfg = Release|Any CPU
		{D27AFA99-0DFF-427B-8707-0C0C2D63E76A}.Release|Any CPU.Build.0 = Release|Any CPU
		{B2D14569-B2C1-4AE7-8F9C-FB67B3C3E807}.Debug|Any CPU.ActiveCfg = Debug|Any CPU
		{B2D14569-B2C1-4AE7-8F9C-FB67B3C3E807}.Debug|Any CPU.Build.0 = Debug|Any CPU
		{B2D14569-B2C1-4AE7-8F9C-FB67B3C3E807}.Release|Any CPU.ActiveCfg = Release|Any CPU
		{B2D14569-B2C1-4AE7-8F9C-FB67B3C3E807}.Release|Any CPU.Build.0 = Release|Any CPU
	EndGlobalSection
	GlobalSection(SolutionProperties) = preSolution
		HideSolutionNode = FALSE
	EndGlobalSection
	GlobalSection(ExtensibilityGlobals) = postSolution
		SolutionGuid = {91B28898-0685-4C00-9E33-1849B41AC4FB}
	EndGlobalSection
EndGlobal
